
Microsoft Visual Studio Solution File, Format Version 12.00
# Visual Studio Version 17
VisualStudioVersion = 17.1.32421.90
MinimumVisualStudioVersion = 10.0.40219.1
Project("{FAE04EC0-301F-11D3-BF4B-00C04F79EFBC}") = "mainProg", "mainProg\mainProg.csproj", "{2A8CE45C-BBA0-449E-AB71-9F152C421AB3}"
EndProject
Project("{FAE04EC0-301F-11D3-BF4B-00C04F79EFBC}") = "test mainProg", "test mainProg\test mainProg.csproj", "{2845914A-EEB6-4AE5-AB38-5099AA17F328}"
EndProject
Global
	GlobalSection(SolutionConfigurationPlatforms) = preSolution
		Debug|Any CPU = Debug|Any CPU
		Release|Any CPU = Release|Any CPU
	EndGlobalSection
	GlobalSection(ProjectConfigurationPlatforms) = postSolution
		{2A8CE45C-BBA0-449E-AB71-9F152C421AB3}.Debug|Any CPU.ActiveCfg = Debug|Any CPU
		{2A8CE45C-BBA0-449E-AB71-9F152C421AB3}.Debug|Any CPU.Build.0 = Debug|Any CPU
		{2A8CE45C-BBA0-449E-AB71-9F152C421AB3}.Release|Any CPU.ActiveCfg = Release|Any CPU
		{2A8CE45C-BBA0-449E-AB71-9F152C421AB3}.Release|Any CPU.Build.0 = Release|Any CPU
		{2845914A-EEB6-4AE5-AB38-5099AA17F328}.Debug|Any CPU.ActiveCfg = Debug|Any CPU
		{2845914A-EEB6-4AE5-AB38-5099AA17F328}.Debug|Any CPU.Build.0 = Debug|Any CPU
		{2845914A-EEB6-4AE5-AB38-5099AA17F328}.Release|Any CPU.ActiveCfg = Release|Any CPU
		{2845914A-EEB6-4AE5-AB38-5099AA17F328}.Release|Any CPU.Build.0 = Release|Any CPU
	EndGlobalSection
	GlobalSection(SolutionProperties) = preSolution
		HideSolutionNode = FALSE
	EndGlobalSection
	GlobalSection(ExtensibilityGlobals) = postSolution
		SolutionGuid = {BD648E59-AF27-488F-84AD-BCE148608D95}
	EndGlobalSection
EndGlobal
